
Microsoft Visual Studio Solution File, Format Version 12.00
# Visual Studio Version 16
VisualStudioVersion = 16.0.31702.278
MinimumVisualStudioVersion = 10.0.40219.1
Project("{9A19103F-16F7-4668-BE54-9A1E7A4F7556}") = "Blockbuster Lab", "Blockbuster Lab.csproj", "{359F6154-7DA0-4FD2-BC9B-A02090A95464}"
EndProject
Global
	GlobalSection(SolutionConfigurationPlatforms) = preSolution
		Debug|Any CPU = Debug|Any CPU
		Release|Any CPU = Release|Any CPU
	EndGlobalSection
	GlobalSection(ProjectConfigurationPlatforms) = postSolution
		{359F6154-7DA0-4FD2-BC9B-A02090A95464}.Debug|Any CPU.ActiveCfg = Debug|Any CPU
		{359F6154-7DA0-4FD2-BC9B-A02090A95464}.Debug|Any CPU.Build.0 = Debug|Any CPU
		{359F6154-7DA0-4FD2-BC9B-A02090A95464}.Release|Any CPU.ActiveCfg = Release|Any CPU
		{359F6154-7DA0-4FD2-BC9B-A02090A95464}.Release|Any CPU.Build.0 = Release|Any CPU
	EndGlobalSection
	GlobalSection(SolutionProperties) = preSolution
		HideSolutionNode = FALSE
	EndGlobalSection
	GlobalSection(ExtensibilityGlobals) = postSolution
		SolutionGuid = {578D29DA-6DE7-4285-97D3-7C802A52C6EB}
	EndGlobalSection
EndGlobal
